
Microsoft Visual Studio Solution File, Format Version 12.00
# Visual Studio Version 16
VisualStudioVersion = 16.0.30204.135
MinimumVisualStudioVersion = 10.0.40219.1
Project("{FAE04EC0-301F-11D3-BF4B-00C04F79EFBC}") = "structAssignment", "structAssignment.csproj", "{EE3B06DB-D1AA-43C7-B884-3A883636208C}"
EndProject
Global
	GlobalSection(SolutionConfigurationPlatforms) = preSolution
		Debug|Any CPU = Debug|Any CPU
		Release|Any CPU = Release|Any CPU
	EndGlobalSection
	GlobalSection(ProjectConfigurationPlatforms) = postSolution
		{EE3B06DB-D1AA-43C7-B884-3A883636208C}.Debug|Any CPU.ActiveCfg = Debug|Any CPU
		{EE3B06DB-D1AA-43C7-B884-3A883636208C}.Debug|Any CPU.Build.0 = Debug|Any CPU
		{EE3B06DB-D1AA-43C7-B884-3A883636208C}.Release|Any CPU.ActiveCfg = Release|Any CPU
		{EE3B06DB-D1AA-43C7-B884-3A883636208C}.Release|Any CPU.Build.0 = Release|Any CPU
	EndGlobalSection
	GlobalSection(SolutionProperties) = preSolution
		HideSolutionNode = FALSE
	EndGlobalSection
	GlobalSection(ExtensibilityGlobals) = postSolution
		SolutionGuid = {DB858B1A-DAE1-474C-9203-FCD7AED41311}
	EndGlobalSection
EndGlobal
