
Microsoft Visual Studio Solution File, Format Version 12.00
# Visual Studio Version 16
VisualStudioVersion = 16.0.30204.135
MinimumVisualStudioVersion = 10.0.40219.1
Project("{FAE04EC0-301F-11D3-BF4B-00C04F79EFBC}") = "stringAssigment", "stringAssigment.csproj", "{D20D7246-BF0B-4A29-8C44-2C3B1BA2CF76}"
EndProject
Global
	GlobalSection(SolutionConfigurationPlatforms) = preSolution
		Debug|Any CPU = Debug|Any CPU
		Release|Any CPU = Release|Any CPU
	EndGlobalSection
	GlobalSection(ProjectConfigurationPlatforms) = postSolution
		{D20D7246-BF0B-4A29-8C44-2C3B1BA2CF76}.Debug|Any CPU.ActiveCfg = Debug|Any CPU
		{D20D7246-BF0B-4A29-8C44-2C3B1BA2CF76}.Debug|Any CPU.Build.0 = Debug|Any CPU
		{D20D7246-BF0B-4A29-8C44-2C3B1BA2CF76}.Release|Any CPU.ActiveCfg = Release|Any CPU
		{D20D7246-BF0B-4A29-8C44-2C3B1BA2CF76}.Release|Any CPU.Build.0 = Release|Any CPU
	EndGlobalSection
	GlobalSection(SolutionProperties) = preSolution
		HideSolutionNode = FALSE
	EndGlobalSection
	GlobalSection(ExtensibilityGlobals) = postSolution
		SolutionGuid = {5843E35E-55DC-4679-BEC2-33FE783CDAF2}
	EndGlobalSection
EndGlobal
