
Microsoft Visual Studio Solution File, Format Version 12.00
# Visual Studio Version 16
VisualStudioVersion = 16.0.30204.135
MinimumVisualStudioVersion = 10.0.40219.1
Project("{FAE04EC0-301F-11D3-BF4B-00C04F79EFBC}") = "Assignment303", "Assignment303.csproj", "{3D0B8BA3-CF66-4749-A361-A1D9EAA2DFC8}"
EndProject
Global
	GlobalSection(SolutionConfigurationPlatforms) = preSolution
		Debug|Any CPU = Debug|Any CPU
		Release|Any CPU = Release|Any CPU
	EndGlobalSection
	GlobalSection(ProjectConfigurationPlatforms) = postSolution
		{3D0B8BA3-CF66-4749-A361-A1D9EAA2DFC8}.Debug|Any CPU.ActiveCfg = Debug|Any CPU
		{3D0B8BA3-CF66-4749-A361-A1D9EAA2DFC8}.Debug|Any CPU.Build.0 = Debug|Any CPU
		{3D0B8BA3-CF66-4749-A361-A1D9EAA2DFC8}.Release|Any CPU.ActiveCfg = Release|Any CPU
		{3D0B8BA3-CF66-4749-A361-A1D9EAA2DFC8}.Release|Any CPU.Build.0 = Release|Any CPU
	EndGlobalSection
	GlobalSection(SolutionProperties) = preSolution
		HideSolutionNode = FALSE
	EndGlobalSection
	GlobalSection(ExtensibilityGlobals) = postSolution
		SolutionGuid = {E32A258E-3AF9-4499-86D5-F801A89E7C8E}
	EndGlobalSection
EndGlobal
