
Microsoft Visual Studio Solution File, Format Version 12.00
# Visual Studio Version 16
VisualStudioVersion = 16.0.30204.135
MinimumVisualStudioVersion = 10.0.40219.1
Project("{FAE04EC0-301F-11D3-BF4B-00C04F79EFBC}") = "classesAndObjects", "classesAndObjects.csproj", "{55F593E8-456E-4428-BBBB-0C3BAF6B90A0}"
EndProject
Global
	GlobalSection(SolutionConfigurationPlatforms) = preSolution
		Debug|Any CPU = Debug|Any CPU
		Release|Any CPU = Release|Any CPU
	EndGlobalSection
	GlobalSection(ProjectConfigurationPlatforms) = postSolution
		{55F593E8-456E-4428-BBBB-0C3BAF6B90A0}.Debug|Any CPU.ActiveCfg = Debug|Any CPU
		{55F593E8-456E-4428-BBBB-0C3BAF6B90A0}.Debug|Any CPU.Build.0 = Debug|Any CPU
		{55F593E8-456E-4428-BBBB-0C3BAF6B90A0}.Release|Any CPU.ActiveCfg = Release|Any CPU
		{55F593E8-456E-4428-BBBB-0C3BAF6B90A0}.Release|Any CPU.Build.0 = Release|Any CPU
	EndGlobalSection
	GlobalSection(SolutionProperties) = preSolution
		HideSolutionNode = FALSE
	EndGlobalSection
	GlobalSection(ExtensibilityGlobals) = postSolution
		SolutionGuid = {AC758117-1643-448F-82FC-D7A2200C26CB}
	EndGlobalSection
EndGlobal
