
Microsoft Visual Studio Solution File, Format Version 12.00
# Visual Studio Version 16
VisualStudioVersion = 16.0.30204.135
MinimumVisualStudioVersion = 10.0.40219.1
Project("{FAE04EC0-301F-11D3-BF4B-00C04F79EFBC}") = "Assignment265-2", "Assignment265-2.csproj", "{8919FC7F-2232-45A0-AD50-D60B0E4DC49F}"
EndProject
Global
	GlobalSection(SolutionConfigurationPlatforms) = preSolution
		Debug|Any CPU = Debug|Any CPU
		Release|Any CPU = Release|Any CPU
	EndGlobalSection
	GlobalSection(ProjectConfigurationPlatforms) = postSolution
		{8919FC7F-2232-45A0-AD50-D60B0E4DC49F}.Debug|Any CPU.ActiveCfg = Debug|Any CPU
		{8919FC7F-2232-45A0-AD50-D60B0E4DC49F}.Debug|Any CPU.Build.0 = Debug|Any CPU
		{8919FC7F-2232-45A0-AD50-D60B0E4DC49F}.Release|Any CPU.ActiveCfg = Release|Any CPU
		{8919FC7F-2232-45A0-AD50-D60B0E4DC49F}.Release|Any CPU.Build.0 = Release|Any CPU
	EndGlobalSection
	GlobalSection(SolutionProperties) = preSolution
		HideSolutionNode = FALSE
	EndGlobalSection
	GlobalSection(ExtensibilityGlobals) = postSolution
		SolutionGuid = {64A888F2-330D-455B-A778-ECB9A9BE7B1D}
	EndGlobalSection
EndGlobal
