
Microsoft Visual Studio Solution File, Format Version 12.00
# Visual Studio Version 16
VisualStudioVersion = 16.0.30204.135
MinimumVisualStudioVersion = 10.0.40219.1
Project("{FAE04EC0-301F-11D3-BF4B-00C04F79EFBC}") = "ExceptionHandlingAssignment", "ExceptionHandlingAssignment.csproj", "{9FCFD537-B2AB-41F5-BA04-41F53193C5D9}"
EndProject
Global
	GlobalSection(SolutionConfigurationPlatforms) = preSolution
		Debug|Any CPU = Debug|Any CPU
		Release|Any CPU = Release|Any CPU
	EndGlobalSection
	GlobalSection(ProjectConfigurationPlatforms) = postSolution
		{9FCFD537-B2AB-41F5-BA04-41F53193C5D9}.Debug|Any CPU.ActiveCfg = Debug|Any CPU
		{9FCFD537-B2AB-41F5-BA04-41F53193C5D9}.Debug|Any CPU.Build.0 = Debug|Any CPU
		{9FCFD537-B2AB-41F5-BA04-41F53193C5D9}.Release|Any CPU.ActiveCfg = Release|Any CPU
		{9FCFD537-B2AB-41F5-BA04-41F53193C5D9}.Release|Any CPU.Build.0 = Release|Any CPU
	EndGlobalSection
	GlobalSection(SolutionProperties) = preSolution
		HideSolutionNode = FALSE
	EndGlobalSection
	GlobalSection(ExtensibilityGlobals) = postSolution
		SolutionGuid = {4093A0B6-C19D-4F79-AC04-B300F163AB70}
	EndGlobalSection
EndGlobal
