
Microsoft Visual Studio Solution File, Format Version 12.00
# Visual Studio Version 16
VisualStudioVersion = 16.0.30204.135
MinimumVisualStudioVersion = 10.0.40219.1
Project("{FAE04EC0-301F-11D3-BF4B-00C04F79EFBC}") = "enumAssignment", "enumAssignment.csproj", "{4BCE234C-68B6-4EDE-8C2C-6B00EAA7DC09}"
EndProject
Global
	GlobalSection(SolutionConfigurationPlatforms) = preSolution
		Debug|Any CPU = Debug|Any CPU
		Release|Any CPU = Release|Any CPU
	EndGlobalSection
	GlobalSection(ProjectConfigurationPlatforms) = postSolution
		{4BCE234C-68B6-4EDE-8C2C-6B00EAA7DC09}.Debug|Any CPU.ActiveCfg = Debug|Any CPU
		{4BCE234C-68B6-4EDE-8C2C-6B00EAA7DC09}.Debug|Any CPU.Build.0 = Debug|Any CPU
		{4BCE234C-68B6-4EDE-8C2C-6B00EAA7DC09}.Release|Any CPU.ActiveCfg = Release|Any CPU
		{4BCE234C-68B6-4EDE-8C2C-6B00EAA7DC09}.Release|Any CPU.Build.0 = Release|Any CPU
	EndGlobalSection
	GlobalSection(SolutionProperties) = preSolution
		HideSolutionNode = FALSE
	EndGlobalSection
	GlobalSection(ExtensibilityGlobals) = postSolution
		SolutionGuid = {CEB0EC86-69C4-43A3-AA4D-5C9DEE837429}
	EndGlobalSection
EndGlobal
