
Microsoft Visual Studio Solution File, Format Version 12.00
# Visual Studio Version 16
VisualStudioVersion = 16.0.30204.135
MinimumVisualStudioVersion = 10.0.40219.1
Project("{FAE04EC0-301F-11D3-BF4B-00C04F79EFBC}") = "TechAcadStudentsMVC", "TechAcadStudentsMVC.csproj", "{F883A959-590C-41EC-B0A5-5AD66510FB6A}"
EndProject
Global
	GlobalSection(SolutionConfigurationPlatforms) = preSolution
		Debug|Any CPU = Debug|Any CPU
		Release|Any CPU = Release|Any CPU
	EndGlobalSection
	GlobalSection(ProjectConfigurationPlatforms) = postSolution
		{F883A959-590C-41EC-B0A5-5AD66510FB6A}.Debug|Any CPU.ActiveCfg = Debug|Any CPU
		{F883A959-590C-41EC-B0A5-5AD66510FB6A}.Debug|Any CPU.Build.0 = Debug|Any CPU
		{F883A959-590C-41EC-B0A5-5AD66510FB6A}.Release|Any CPU.ActiveCfg = Release|Any CPU
		{F883A959-590C-41EC-B0A5-5AD66510FB6A}.Release|Any CPU.Build.0 = Release|Any CPU
	EndGlobalSection
	GlobalSection(SolutionProperties) = preSolution
		HideSolutionNode = FALSE
	EndGlobalSection
	GlobalSection(ExtensibilityGlobals) = postSolution
		SolutionGuid = {656B1577-E203-4E3A-AF8D-42DB8044CE90}
	EndGlobalSection
EndGlobal
